// !$*UTF8*$!
{
	archiveVersion = 1;
	classes = {
	};
	objectVersion = 46;
	objects = {

/* Begin PBXBuildFile section */
		692CA556192D21F400D074CB /* libsqlite3.dylib in Frameworks */ = {isa = PBXBuildFile; fileRef = 692CA555192D21F400D074CB /* libsqlite3.dylib */; };
		692CA557192D223400D074CB /* GoogleMaps.framework in Frameworks */ = {isa = PBXBuildFile; fileRef = 6905B12C192D0B5F00EEA001 /* GoogleMaps.framework */; };
		692CA564192D23E100D074CB /* FMDatabase.m in Sources */ = {isa = PBXBuildFile; fileRef = 692CA55B192D23E100D074CB /* FMDatabase.m */; };
		692CA565192D23E100D074CB /* FMDatabaseAdditions.m in Sources */ = {isa = PBXBuildFile; fileRef = 692CA55D192D23E100D074CB /* FMDatabaseAdditions.m */; };
		692CA566192D23E100D074CB /* FMDatabasePool.m in Sources */ = {isa = PBXBuildFile; fileRef = 692CA55F192D23E100D074CB /* FMDatabasePool.m */; };
		692CA567192D23E100D074CB /* FMDatabaseQueue.m in Sources */ = {isa = PBXBuildFile; fileRef = 692CA561192D23E100D074CB /* FMDatabaseQueue.m */; };
		692CA568192D23E100D074CB /* FMResultSet.m in Sources */ = {isa = PBXBuildFile; fileRef = 692CA563192D23E100D074CB /* FMResultSet.m */; };
		692CA56A192D2EA400D074CB /* GoogleMaps.bundle in Resources */ = {isa = PBXBuildFile; fileRef = 692CA569192D2EA400D074CB /* GoogleMaps.bundle */; };
		692CA56C192D301000D074CB /* GoogleMaps.framework in Resources */ = {isa = PBXBuildFile; fileRef = 692CA56B192D301000D074CB /* GoogleMaps.framework */; };
		69A9797E192CBEB000853451 /* DiaryViewController.m in Sources */ = {isa = PBXBuildFile; fileRef = 69A9797C192CBEB000853451 /* DiaryViewController.m */; };
		69A9797F192CBEB000853451 /* DiaryViewController.xib in Resources */ = {isa = PBXBuildFile; fileRef = 69A9797D192CBEB000853451 /* DiaryViewController.xib */; };
		69A97983192CC3F800853451 /* AVFoundation.framework in Frameworks */ = {isa = PBXBuildFile; fileRef = 69A97982192CC3F800853451 /* AVFoundation.framework */; };
		69A97985192CC40D00853451 /* CoreLocation.framework in Frameworks */ = {isa = PBXBuildFile; fileRef = 69A97984192CC40D00853451 /* CoreLocation.framework */; };
		69A97987192CC41900853451 /* CoreText.framework in Frameworks */ = {isa = PBXBuildFile; fileRef = 69A97986192CC41900853451 /* CoreText.framework */; };
		69A97989192CC42600853451 /* ImageIO.framework in Frameworks */ = {isa = PBXBuildFile; fileRef = 69A97988192CC42600853451 /* ImageIO.framework */; };
		69A9798B192CC44600853451 /* libicucore.dylib in Frameworks */ = {isa = PBXBuildFile; fileRef = 69A9798A192CC44600853451 /* libicucore.dylib */; };
		69A9798D192CC45100853451 /* libstdc++.dylib in Frameworks */ = {isa = PBXBuildFile; fileRef = 69A9798C192CC45100853451 /* libstdc++.dylib */; };
		69A9798F192CC46200853451 /* libz.dylib in Frameworks */ = {isa = PBXBuildFile; fileRef = 69A9798E192CC46200853451 /* libz.dylib */; };
		69A97991192CC46C00853451 /* OpenGLES.framework in Frameworks */ = {isa = PBXBuildFile; fileRef = 69A97990192CC46C00853451 /* OpenGLES.framework */; };
		69A97993192CC47800853451 /* QuartzCore.framework in Frameworks */ = {isa = PBXBuildFile; fileRef = 69A97992192CC47800853451 /* QuartzCore.framework */; };
		69A97995192CC48F00853451 /* SystemConfiguration.framework in Frameworks */ = {isa = PBXBuildFile; fileRef = 69A97994192CC48F00853451 /* SystemConfiguration.framework */; };
		6A070DA919289F7F001C6659 /* Foundation.framework in Frameworks */ = {isa = PBXBuildFile; fileRef = 6A070DA819289F7F001C6659 /* Foundation.framework */; };
		6A070DAB19289F7F001C6659 /* CoreGraphics.framework in Frameworks */ = {isa = PBXBuildFile; fileRef = 6A070DAA19289F7F001C6659 /* CoreGraphics.framework */; };
		6A070DAD19289F7F001C6659 /* UIKit.framework in Frameworks */ = {isa = PBXBuildFile; fileRef = 6A070DAC19289F7F001C6659 /* UIKit.framework */; };
		6A070DAF19289F7F001C6659 /* CoreData.framework in Frameworks */ = {isa = PBXBuildFile; fileRef = 6A070DAE19289F7F001C6659 /* CoreData.framework */; };
		6A070DB519289F7F001C6659 /* InfoPlist.strings in Resources */ = {isa = PBXBuildFile; fileRef = 6A070DB319289F7F001C6659 /* InfoPlist.strings */; };
		6A070DB719289F7F001C6659 /* main.m in Sources */ = {isa = PBXBuildFile; fileRef = 6A070DB619289F7F001C6659 /* main.m */; };
		6A070DBB19289F7F001C6659 /* AppDelegate.m in Sources */ = {isa = PBXBuildFile; fileRef = 6A070DBA19289F7F001C6659 /* AppDelegate.m */; };
		6A070DC019289F7F001C6659 /* Images.xcassets in Resources */ = {isa = PBXBuildFile; fileRef = 6A070DBF19289F7F001C6659 /* Images.xcassets */; };
		6A070DC719289F7F001C6659 /* XCTest.framework in Frameworks */ = {isa = PBXBuildFile; fileRef = 6A070DC619289F7F001C6659 /* XCTest.framework */; };
		6A070DC819289F7F001C6659 /* Foundation.framework in Frameworks */ = {isa = PBXBuildFile; fileRef = 6A070DA819289F7F001C6659 /* Foundation.framework */; };
		6A070DC919289F7F001C6659 /* UIKit.framework in Frameworks */ = {isa = PBXBuildFile; fileRef = 6A070DAC19289F7F001C6659 /* UIKit.framework */; };
		6A070DCA19289F7F001C6659 /* CoreData.framework in Frameworks */ = {isa = PBXBuildFile; fileRef = 6A070DAE19289F7F001C6659 /* CoreData.framework */; };
		6A070DD219289F7F001C6659 /* InfoPlist.strings in Resources */ = {isa = PBXBuildFile; fileRef = 6A070DD019289F7F001C6659 /* InfoPlist.strings */; };
		6A070DD419289F7F001C6659 /* PowerSpotTests.m in Sources */ = {isa = PBXBuildFile; fileRef = 6A070DD319289F7F001C6659 /* PowerSpotTests.m */; };
		6A070DDF1928A573001C6659 /* MapDB.xcdatamodeld in Sources */ = {isa = PBXBuildFile; fileRef = 6A070DDD1928A573001C6659 /* MapDB.xcdatamodeld */; };
		6A070DE21928A815001C6659 /* MapEntity.m in Sources */ = {isa = PBXBuildFile; fileRef = 6A070DE11928A815001C6659 /* MapEntity.m */; };
		6A38CA17192B818D006C4CFF /* titleViewController.m in Sources */ = {isa = PBXBuildFile; fileRef = 6A38CA15192B818D006C4CFF /* titleViewController.m */; };
		6A38CA18192B818D006C4CFF /* titleViewController.xib in Resources */ = {isa = PBXBuildFile; fileRef = 6A38CA16192B818D006C4CFF /* titleViewController.xib */; };
		6A38CA1B192B839A006C4CFF /* title.m in Sources */ = {isa = PBXBuildFile; fileRef = 6A38CA1A192B839A006C4CFF /* title.m */; };
/* End PBXBuildFile section */

/* Begin PBXContainerItemProxy section */
		6A070DCB19289F7F001C6659 /* PBXContainerItemProxy */ = {
			isa = PBXContainerItemProxy;
			containerPortal = 6A070D9D19289F7F001C6659 /* Project object */;
			proxyType = 1;
			remoteGlobalIDString = 6A070DA419289F7F001C6659;
			remoteInfo = PowerSpot;
		};
/* End PBXContainerItemProxy section */

/* Begin PBXFileReference section */
		6905B12A192D09C900EEA001 /* GoogleMaps.framework */ = {isa = PBXFileReference; lastKnownFileType = wrapper.framework; name = GoogleMaps.framework; path = System/Library/Frameworks/GoogleMaps.framework; sourceTree = SDKROOT; };
		6905B12C192D0B5F00EEA001 /* GoogleMaps.framework */ = {isa = PBXFileReference; lastKnownFileType = wrapper.framework; name = GoogleMaps.framework; path = ../../../../../Library/Frameworks/GoogleMaps.framework; sourceTree = "<group>"; };
		692CA555192D21F400D074CB /* libsqlite3.dylib */ = {isa = PBXFileReference; lastKnownFileType = "compiled.mach-o.dylib"; name = libsqlite3.dylib; path = usr/lib/libsqlite3.dylib; sourceTree = SDKROOT; };
		692CA55A192D23E100D074CB /* FMDatabase.h */ = {isa = PBXFileReference; fileEncoding = 4; lastKnownFileType = sourcecode.c.h; path = FMDatabase.h; sourceTree = "<group>"; };
		692CA55B192D23E100D074CB /* FMDatabase.m */ = {isa = PBXFileReference; fileEncoding = 4; lastKnownFileType = sourcecode.c.objc; path = FMDatabase.m; sourceTree = "<group>"; };
		692CA55C192D23E100D074CB /* FMDatabaseAdditions.h */ = {isa = PBXFileReference; fileEncoding = 4; lastKnownFileType = sourcecode.c.h; path = FMDatabaseAdditions.h; sourceTree = "<group>"; };
		692CA55D192D23E100D074CB /* FMDatabaseAdditions.m */ = {isa = PBXFileReference; fileEncoding = 4; lastKnownFileType = sourcecode.c.objc; path = FMDatabaseAdditions.m; sourceTree = "<group>"; };
		692CA55E192D23E100D074CB /* FMDatabasePool.h */ = {isa = PBXFileReference; fileEncoding = 4; lastKnownFileType = sourcecode.c.h; path = FMDatabasePool.h; sourceTree = "<group>"; };
		692CA55F192D23E100D074CB /* FMDatabasePool.m */ = {isa = PBXFileReference; fileEncoding = 4; lastKnownFileType = sourcecode.c.objc; path = FMDatabasePool.m; sourceTree = "<group>"; };
		692CA560192D23E100D074CB /* FMDatabaseQueue.h */ = {isa = PBXFileReference; fileEncoding = 4; lastKnownFileType = sourcecode.c.h; path = FMDatabaseQueue.h; sourceTree = "<group>"; };
		692CA561192D23E100D074CB /* FMDatabaseQueue.m */ = {isa = PBXFileReference; fileEncoding = 4; lastKnownFileType = sourcecode.c.objc; path = FMDatabaseQueue.m; sourceTree = "<group>"; };
		692CA562192D23E100D074CB /* FMResultSet.h */ = {isa = PBXFileReference; fileEncoding = 4; lastKnownFileType = sourcecode.c.h; path = FMResultSet.h; sourceTree = "<group>"; };
		692CA563192D23E100D074CB /* FMResultSet.m */ = {isa = PBXFileReference; fileEncoding = 4; lastKnownFileType = sourcecode.c.objc; path = FMResultSet.m; sourceTree = "<group>"; };
		692CA569192D2EA400D074CB /* GoogleMaps.bundle */ = {isa = PBXFileReference; lastKnownFileType = "wrapper.plug-in"; path = GoogleMaps.bundle; sourceTree = "<group>"; };
		692CA56B192D301000D074CB /* GoogleMaps.framework */ = {isa = PBXFileReference; lastKnownFileType = wrapper.framework; path = GoogleMaps.framework; sourceTree = "<group>"; };
		69A9797B192CBEB000853451 /* DiaryViewController.h */ = {isa = PBXFileReference; fileEncoding = 4; lastKnownFileType = sourcecode.c.h; path = DiaryViewController.h; sourceTree = "<group>"; };
		69A9797C192CBEB000853451 /* DiaryViewController.m */ = {isa = PBXFileReference; fileEncoding = 4; lastKnownFileType = sourcecode.c.objc; path = DiaryViewController.m; sourceTree = "<group>"; };
		69A9797D192CBEB000853451 /* DiaryViewController.xib */ = {isa = PBXFileReference; fileEncoding = 4; lastKnownFileType = file.xib; path = DiaryViewController.xib; sourceTree = "<group>"; };
		69A97982192CC3F800853451 /* AVFoundation.framework */ = {isa = PBXFileReference; lastKnownFileType = wrapper.framework; name = AVFoundation.framework; path = System/Library/Frameworks/AVFoundation.framework; sourceTree = SDKROOT; };
		69A97984192CC40D00853451 /* CoreLocation.framework */ = {isa = PBXFileReference; lastKnownFileType = wrapper.framework; name = CoreLocation.framework; path = System/Library/Frameworks/CoreLocation.framework; sourceTree = SDKROOT; };
		69A97986192CC41900853451 /* CoreText.framework */ = {isa = PBXFileReference; lastKnownFileType = wrapper.framework; name = CoreText.framework; path = System/Library/Frameworks/CoreText.framework; sourceTree = SDKROOT; };
		69A97988192CC42600853451 /* ImageIO.framework */ = {isa = PBXFileReference; lastKnownFileType = wrapper.framework; name = ImageIO.framework; path = System/Library/Frameworks/ImageIO.framework; sourceTree = SDKROOT; };
		69A9798A192CC44600853451 /* libicucore.dylib */ = {isa = PBXFileReference; lastKnownFileType = "compiled.mach-o.dylib"; name = libicucore.dylib; path = usr/lib/libicucore.dylib; sourceTree = SDKROOT; };
		69A9798C192CC45100853451 /* libstdc++.dylib */ = {isa = PBXFileReference; lastKnownFileType = "compiled.mach-o.dylib"; name = "libstdc++.dylib"; path = "usr/lib/libstdc++.dylib"; sourceTree = SDKROOT; };
		69A9798E192CC46200853451 /* libz.dylib */ = {isa = PBXFileReference; lastKnownFileType = "compiled.mach-o.dylib"; name = libz.dylib; path = usr/lib/libz.dylib; sourceTree = SDKROOT; };
		69A97990192CC46C00853451 /* OpenGLES.framework */ = {isa = PBXFileReference; lastKnownFileType = wrapper.framework; name = OpenGLES.framework; path = System/Library/Frameworks/OpenGLES.framework; sourceTree = SDKROOT; };
		69A97992192CC47800853451 /* QuartzCore.framework */ = {isa = PBXFileReference; lastKnownFileType = wrapper.framework; name = QuartzCore.framework; path = System/Library/Frameworks/QuartzCore.framework; sourceTree = SDKROOT; };
		69A97994192CC48F00853451 /* SystemConfiguration.framework */ = {isa = PBXFileReference; lastKnownFileType = wrapper.framework; name = SystemConfiguration.framework; path = System/Library/Frameworks/SystemConfiguration.framework; sourceTree = SDKROOT; };
		6A070DA519289F7F001C6659 /* PowerSpot.app */ = {isa = PBXFileReference; explicitFileType = wrapper.application; includeInIndex = 0; path = PowerSpot.app; sourceTree = BUILT_PRODUCTS_DIR; };
		6A070DA819289F7F001C6659 /* Foundation.framework */ = {isa = PBXFileReference; lastKnownFileType = wrapper.framework; name = Foundation.framework; path = System/Library/Frameworks/Foundation.framework; sourceTree = SDKROOT; };
		6A070DAA19289F7F001C6659 /* CoreGraphics.framework */ = {isa = PBXFileReference; lastKnownFileType = wrapper.framework; name = CoreGraphics.framework; path = System/Library/Frameworks/CoreGraphics.framework; sourceTree = SDKROOT; };
		6A070DAC19289F7F001C6659 /* UIKit.framework */ = {isa = PBXFileReference; lastKnownFileType = wrapper.framework; name = UIKit.framework; path = System/Library/Frameworks/UIKit.framework; sourceTree = SDKROOT; };
		6A070DAE19289F7F001C6659 /* CoreData.framework */ = {isa = PBXFileReference; lastKnownFileType = wrapper.framework; name = CoreData.framework; path = System/Library/Frameworks/CoreData.framework; sourceTree = SDKROOT; };
		6A070DB219289F7F001C6659 /* PowerSpot-Info.plist */ = {isa = PBXFileReference; lastKnownFileType = text.plist.xml; path = "PowerSpot-Info.plist"; sourceTree = "<group>"; };
		6A070DB419289F7F001C6659 /* en */ = {isa = PBXFileReference; lastKnownFileType = text.plist.strings; name = en; path = en.lproj/InfoPlist.strings; sourceTree = "<group>"; };
		6A070DB619289F7F001C6659 /* main.m */ = {isa = PBXFileReference; lastKnownFileType = sourcecode.c.objc; path = main.m; sourceTree = "<group>"; };
		6A070DB819289F7F001C6659 /* PowerSpot-Prefix.pch */ = {isa = PBXFileReference; lastKnownFileType = sourcecode.c.h; path = "PowerSpot-Prefix.pch"; sourceTree = "<group>"; };
		6A070DB919289F7F001C6659 /* AppDelegate.h */ = {isa = PBXFileReference; lastKnownFileType = sourcecode.c.h; path = AppDelegate.h; sourceTree = "<group>"; };
		6A070DBA19289F7F001C6659 /* AppDelegate.m */ = {isa = PBXFileReference; lastKnownFileType = sourcecode.c.objc; path = AppDelegate.m; sourceTree = "<group>"; };
		6A070DBF19289F7F001C6659 /* Images.xcassets */ = {isa = PBXFileReference; lastKnownFileType = folder.assetcatalog; path = Images.xcassets; sourceTree = "<group>"; };
		6A070DC519289F7F001C6659 /* PowerSpotTests.xctest */ = {isa = PBXFileReference; explicitFileType = wrapper.cfbundle; includeInIndex = 0; path = PowerSpotTests.xctest; sourceTree = BUILT_PRODUCTS_DIR; };
		6A070DC619289F7F001C6659 /* XCTest.framework */ = {isa = PBXFileReference; lastKnownFileType = wrapper.framework; name = XCTest.framework; path = Library/Frameworks/XCTest.framework; sourceTree = DEVELOPER_DIR; };
		6A070DCF19289F7F001C6659 /* PowerSpotTests-Info.plist */ = {isa = PBXFileReference; lastKnownFileType = text.plist.xml; path = "PowerSpotTests-Info.plist"; sourceTree = "<group>"; };
		6A070DD119289F7F001C6659 /* en */ = {isa = PBXFileReference; lastKnownFileType = text.plist.strings; name = en; path = en.lproj/InfoPlist.strings; sourceTree = "<group>"; };
		6A070DD319289F7F001C6659 /* PowerSpotTests.m */ = {isa = PBXFileReference; lastKnownFileType = sourcecode.c.objc; path = PowerSpotTests.m; sourceTree = "<group>"; };
		6A070DDE1928A573001C6659 /* MapDB.xcdatamodel */ = {isa = PBXFileReference; lastKnownFileType = wrapper.xcdatamodel; path = MapDB.xcdatamodel; sourceTree = "<group>"; };
		6A070DE01928A815001C6659 /* MapEntity.h */ = {isa = PBXFileReference; fileEncoding = 4; lastKnownFileType = sourcecode.c.h; path = MapEntity.h; sourceTree = "<group>"; };
		6A070DE11928A815001C6659 /* MapEntity.m */ = {isa = PBXFileReference; fileEncoding = 4; lastKnownFileType = sourcecode.c.objc; path = MapEntity.m; sourceTree = "<group>"; };
		6A38CA14192B818D006C4CFF /* titleViewController.h */ = {isa = PBXFileReference; fileEncoding = 4; lastKnownFileType = sourcecode.c.h; path = titleViewController.h; sourceTree = "<group>"; };
		6A38CA15192B818D006C4CFF /* titleViewController.m */ = {isa = PBXFileReference; fileEncoding = 4; lastKnownFileType = sourcecode.c.objc; path = titleViewController.m; sourceTree = "<group>"; };
		6A38CA16192B818D006C4CFF /* titleViewController.xib */ = {isa = PBXFileReference; fileEncoding = 4; lastKnownFileType = file.xib; path = titleViewController.xib; sourceTree = "<group>"; };
		6A38CA19192B839A006C4CFF /* title.h */ = {isa = PBXFileReference; fileEncoding = 4; lastKnownFileType = sourcecode.c.h; path = title.h; sourceTree = "<group>"; };
		6A38CA1A192B839A006C4CFF /* title.m */ = {isa = PBXFileReference; fileEncoding = 4; lastKnownFileType = sourcecode.c.objc; path = title.m; sourceTree = "<group>"; };
/* End PBXFileReference section */

/* Begin PBXFrameworksBuildPhase section */
		6A070DA219289F7F001C6659 /* Frameworks */ = {
			isa = PBXFrameworksBuildPhase;
			buildActionMask = 2147483647;
			files = (
				692CA557192D223400D074CB /* GoogleMaps.framework in Frameworks */,
				692CA556192D21F400D074CB /* libsqlite3.dylib in Frameworks */,
				69A97995192CC48F00853451 /* SystemConfiguration.framework in Frameworks */,
				69A97993192CC47800853451 /* QuartzCore.framework in Frameworks */,
				69A97991192CC46C00853451 /* OpenGLES.framework in Frameworks */,
				69A9798F192CC46200853451 /* libz.dylib in Frameworks */,
				69A9798D192CC45100853451 /* libstdc++.dylib in Frameworks */,
				69A9798B192CC44600853451 /* libicucore.dylib in Frameworks */,
				69A97989192CC42600853451 /* ImageIO.framework in Frameworks */,
				69A97987192CC41900853451 /* CoreText.framework in Frameworks */,
				69A97985192CC40D00853451 /* CoreLocation.framework in Frameworks */,
				6A070DAF19289F7F001C6659 /* CoreData.framework in Frameworks */,
				69A97983192CC3F800853451 /* AVFoundation.framework in Frameworks */,
				6A070DAB19289F7F001C6659 /* CoreGraphics.framework in Frameworks */,
				6A070DAD19289F7F001C6659 /* UIKit.framework in Frameworks */,
				6A070DA919289F7F001C6659 /* Foundation.framework in Frameworks */,
			);
			runOnlyForDeploymentPostprocessing = 0;
		};
		6A070DC219289F7F001C6659 /* Frameworks */ = {
			isa = PBXFrameworksBuildPhase;
			buildActionMask = 2147483647;
			files = (
				6A070DC719289F7F001C6659 /* XCTest.framework in Frameworks */,
				6A070DCA19289F7F001C6659 /* CoreData.framework in Frameworks */,
				6A070DC919289F7F001C6659 /* UIKit.framework in Frameworks */,
				6A070DC819289F7F001C6659 /* Foundation.framework in Frameworks */,
			);
			runOnlyForDeploymentPostprocessing = 0;
		};
/* End PBXFrameworksBuildPhase section */

/* Begin PBXGroup section */
		692CA559192D23E100D074CB /* fmdb */ = {
			isa = PBXGroup;
			children = (
				692CA55A192D23E100D074CB /* FMDatabase.h */,
				692CA55B192D23E100D074CB /* FMDatabase.m */,
				692CA55C192D23E100D074CB /* FMDatabaseAdditions.h */,
				692CA55D192D23E100D074CB /* FMDatabaseAdditions.m */,
				692CA55E192D23E100D074CB /* FMDatabasePool.h */,
				692CA55F192D23E100D074CB /* FMDatabasePool.m */,
				692CA560192D23E100D074CB /* FMDatabaseQueue.h */,
				692CA561192D23E100D074CB /* FMDatabaseQueue.m */,
				692CA562192D23E100D074CB /* FMResultSet.h */,
				692CA563192D23E100D074CB /* FMResultSet.m */,
			);
			path = fmdb;
			sourceTree = "<group>";
		};
		6A070D9C19289F7F001C6659 = {
			isa = PBXGroup;
			children = (
				6A070DB019289F7F001C6659 /* PowerSpot */,
				6A070DCD19289F7F001C6659 /* PowerSpotTests */,
				6A070DA719289F7F001C6659 /* Frameworks */,
				6A070DA619289F7F001C6659 /* Products */,
			);
			sourceTree = "<group>";
		};
		6A070DA619289F7F001C6659 /* Products */ = {
			isa = PBXGroup;
			children = (
				6A070DA519289F7F001C6659 /* PowerSpot.app */,
				6A070DC519289F7F001C6659 /* PowerSpotTests.xctest */,
			);
			name = Products;
			sourceTree = "<group>";
		};
		6A070DA719289F7F001C6659 /* Frameworks */ = {
			isa = PBXGroup;
			children = (
				692CA56B192D301000D074CB /* GoogleMaps.framework */,
				692CA569192D2EA400D074CB /* GoogleMaps.bundle */,
				692CA555192D21F400D074CB /* libsqlite3.dylib */,
				6905B12C192D0B5F00EEA001 /* GoogleMaps.framework */,
				6905B12A192D09C900EEA001 /* GoogleMaps.framework */,
				69A97994192CC48F00853451 /* SystemConfiguration.framework */,
				69A97992192CC47800853451 /* QuartzCore.framework */,
				69A97990192CC46C00853451 /* OpenGLES.framework */,
				69A9798E192CC46200853451 /* libz.dylib */,
				69A9798C192CC45100853451 /* libstdc++.dylib */,
				69A9798A192CC44600853451 /* libicucore.dylib */,
				69A97988192CC42600853451 /* ImageIO.framework */,
				69A97986192CC41900853451 /* CoreText.framework */,
				69A97984192CC40D00853451 /* CoreLocation.framework */,
				69A97982192CC3F800853451 /* AVFoundation.framework */,
				6A070DA819289F7F001C6659 /* Foundation.framework */,
				6A070DAA19289F7F001C6659 /* CoreGraphics.framework */,
				6A070DAC19289F7F001C6659 /* UIKit.framework */,
				6A070DAE19289F7F001C6659 /* CoreData.framework */,
				6A070DC619289F7F001C6659 /* XCTest.framework */,
			);
			name = Frameworks;
			sourceTree = "<group>";
		};
		6A070DB019289F7F001C6659 /* PowerSpot */ = {
			isa = PBXGroup;
			children = (
				6A38CA14192B818D006C4CFF /* titleViewController.h */,
				6A38CA15192B818D006C4CFF /* titleViewController.m */,
				6A38CA16192B818D006C4CFF /* titleViewController.xib */,
				6A38CA19192B839A006C4CFF /* title.h */,
				6A38CA1A192B839A006C4CFF /* title.m */,
				6A070DB919289F7F001C6659 /* AppDelegate.h */,
				6A070DBA19289F7F001C6659 /* AppDelegate.m */,
				69A9797B192CBEB000853451 /* DiaryViewController.h */,
				69A9797C192CBEB000853451 /* DiaryViewController.m */,
				69A9797D192CBEB000853451 /* DiaryViewController.xib */,
				6A070DDD1928A573001C6659 /* MapDB.xcdatamodeld */,
				6A070DE01928A815001C6659 /* MapEntity.h */,
				6A070DE11928A815001C6659 /* MapEntity.m */,
				692CA559192D23E100D074CB /* fmdb */,
				6A070DBF19289F7F001C6659 /* Images.xcassets */,
				6A070DB119289F7F001C6659 /* Supporting Files */,
			);
			path = PowerSpot;
			sourceTree = "<group>";
		};
		6A070DB119289F7F001C6659 /* Supporting Files */ = {
			isa = PBXGroup;
			children = (
				6A070DB219289F7F001C6659 /* PowerSpot-Info.plist */,
				6A070DB319289F7F001C6659 /* InfoPlist.strings */,
				6A070DB619289F7F001C6659 /* main.m */,
				6A070DB819289F7F001C6659 /* PowerSpot-Prefix.pch */,
			);
			name = "Supporting Files";
			sourceTree = "<group>";
		};
		6A070DCD19289F7F001C6659 /* PowerSpotTests */ = {
			isa = PBXGroup;
			children = (
				6A070DD319289F7F001C6659 /* PowerSpotTests.m */,
				6A070DCE19289F7F001C6659 /* Supporting Files */,
			);
			path = PowerSpotTests;
			sourceTree = "<group>";
		};
		6A070DCE19289F7F001C6659 /* Supporting Files */ = {
			isa = PBXGroup;
			children = (
				6A070DCF19289F7F001C6659 /* PowerSpotTests-Info.plist */,
				6A070DD019289F7F001C6659 /* InfoPlist.strings */,
			);
			name = "Supporting Files";
			sourceTree = "<group>";
		};
/* End PBXGroup section */

/* Begin PBXNativeTarget section */
		6A070DA419289F7F001C6659 /* PowerSpot */ = {
			isa = PBXNativeTarget;
			buildConfigurationList = 6A070DD719289F7F001C6659 /* Build configuration list for PBXNativeTarget "PowerSpot" */;
			buildPhases = (
				6A070DA119289F7F001C6659 /* Sources */,
				6A070DA219289F7F001C6659 /* Frameworks */,
				6A070DA319289F7F001C6659 /* Resources */,
			);
			buildRules = (
			);
			dependencies = (
			);
			name = PowerSpot;
			productName = PowerSpot;
			productReference = 6A070DA519289F7F001C6659 /* PowerSpot.app */;
			productType = "com.apple.product-type.application";
		};
		6A070DC419289F7F001C6659 /* PowerSpotTests */ = {
			isa = PBXNativeTarget;
			buildConfigurationList = 6A070DDA19289F7F001C6659 /* Build configuration list for PBXNativeTarget "PowerSpotTests" */;
			buildPhases = (
				6A070DC119289F7F001C6659 /* Sources */,
				6A070DC219289F7F001C6659 /* Frameworks */,
				6A070DC319289F7F001C6659 /* Resources */,
			);
			buildRules = (
			);
			dependencies = (
				6A070DCC19289F7F001C6659 /* PBXTargetDependency */,
			);
			name = PowerSpotTests;
			productName = PowerSpotTests;
			productReference = 6A070DC519289F7F001C6659 /* PowerSpotTests.xctest */;
			productType = "com.apple.product-type.bundle.unit-test";
		};
/* End PBXNativeTarget section */

/* Begin PBXProject section */
		6A070D9D19289F7F001C6659 /* Project object */ = {
			isa = PBXProject;
			attributes = {
				LastUpgradeCheck = 0510;
				ORGANIZATIONNAME = e125719;
				TargetAttributes = {
					6A070DC419289F7F001C6659 = {
						TestTargetID = 6A070DA419289F7F001C6659;
					};
				};
			};
			buildConfigurationList = 6A070DA019289F7F001C6659 /* Build configuration list for PBXProject "PowerSpot" */;
			compatibilityVersion = "Xcode 3.2";
			developmentRegion = English;
			hasScannedForEncodings = 0;
			knownRegions = (
				en,
			);
			mainGroup = 6A070D9C19289F7F001C6659;
			productRefGroup = 6A070DA619289F7F001C6659 /* Products */;
			projectDirPath = "";
			projectRoot = "";
			targets = (
				6A070DA419289F7F001C6659 /* PowerSpot */,
				6A070DC419289F7F001C6659 /* PowerSpotTests */,
			);
		};
/* End PBXProject section */

/* Begin PBXResourcesBuildPhase section */
		6A070DA319289F7F001C6659 /* Resources */ = {
			isa = PBXResourcesBuildPhase;
			buildActionMask = 2147483647;
			files = (
				692CA56C192D301000D074CB /* GoogleMaps.framework in Resources */,
				69A9797F192CBEB000853451 /* DiaryViewController.xib in Resources */,
				6A38CA18192B818D006C4CFF /* titleViewController.xib in Resources */,
				6A070DB519289F7F001C6659 /* InfoPlist.strings in Resources */,
				6A070DC019289F7F001C6659 /* Images.xcassets in Resources */,
				692CA56A192D2EA400D074CB /* GoogleMaps.bundle in Resources */,
			);
			runOnlyForDeploymentPostprocessing = 0;
		};
		6A070DC319289F7F001C6659 /* Resources */ = {
			isa = PBXResourcesBuildPhase;
			buildActionMask = 2147483647;
			files = (
				6A070DD219289F7F001C6659 /* InfoPlist.strings in Resources */,
			);
			runOnlyForDeploymentPostprocessing = 0;
		};
/* End PBXResourcesBuildPhase section */

/* Begin PBXSourcesBuildPhase section */
		6A070DA119289F7F001C6659 /* Sources */ = {
			isa = PBXSourcesBuildPhase;
			buildActionMask = 2147483647;
			files = (
				69A9797E192CBEB000853451 /* DiaryViewController.m in Sources */,
				6A38CA1B192B839A006C4CFF /* title.m in Sources */,
				6A38CA17192B818D006C4CFF /* titleViewController.m in Sources */,
				6A070DDF1928A573001C6659 /* MapDB.xcdatamodeld in Sources */,
				6A070DE21928A815001C6659 /* MapEntity.m in Sources */,
				692CA565192D23E100D074CB /* FMDatabaseAdditions.m in Sources */,
				692CA568192D23E100D074CB /* FMResultSet.m in Sources */,
				6A070DBB19289F7F001C6659 /* AppDelegate.m in Sources */,
				692CA566192D23E100D074CB /* FMDatabasePool.m in Sources */,
				692CA567192D23E100D074CB /* FMDatabaseQueue.m in Sources */,
				6A070DB719289F7F001C6659 /* main.m in Sources */,
				692CA564192D23E100D074CB /* FMDatabase.m in Sources */,
			);
			runOnlyForDeploymentPostprocessing = 0;
		};
		6A070DC119289F7F001C6659 /* Sources */ = {
			isa = PBXSourcesBuildPhase;
			buildActionMask = 2147483647;
			files = (
				6A070DD419289F7F001C6659 /* PowerSpotTests.m in Sources */,
			);
			runOnlyForDeploymentPostprocessing = 0;
		};
/* End PBXSourcesBuildPhase section */

/* Begin PBXTargetDependency section */
		6A070DCC19289F7F001C6659 /* PBXTargetDependency */ = {
			isa = PBXTargetDependency;
			target = 6A070DA419289F7F001C6659 /* PowerSpot */;
			targetProxy = 6A070DCB19289F7F001C6659 /* PBXContainerItemProxy */;
		};
/* End PBXTargetDependency section */

/* Begin PBXVariantGroup section */
		6A070DB319289F7F001C6659 /* InfoPlist.strings */ = {
			isa = PBXVariantGroup;
			children = (
				6A070DB419289F7F001C6659 /* en */,
			);
			name = InfoPlist.strings;
			sourceTree = "<group>";
		};
		6A070DD019289F7F001C6659 /* InfoPlist.strings */ = {
			isa = PBXVariantGroup;
			children = (
				6A070DD119289F7F001C6659 /* en */,
			);
			name = InfoPlist.strings;
			sourceTree = "<group>";
		};
/* End PBXVariantGroup section */

/* Begin XCBuildConfiguration section */
		6A070DD519289F7F001C6659 /* Debug */ = {
			isa = XCBuildConfiguration;
			buildSettings = {
				ALWAYS_SEARCH_USER_PATHS = NO;
				CLANG_CXX_LANGUAGE_STANDARD = "gnu++0x";
				CLANG_CXX_LIBRARY = "libc++";
				CLANG_ENABLE_MODULES = YES;
				CLANG_ENABLE_OBJC_ARC = YES;
				CLANG_WARN_BOOL_CONVERSION = YES;
				CLANG_WARN_CONSTANT_CONVERSION = YES;
				CLANG_WARN_DIRECT_OBJC_ISA_USAGE = YES_ERROR;
				CLANG_WARN_EMPTY_BODY = YES;
				CLANG_WARN_ENUM_CONVERSION = YES;
				CLANG_WARN_INT_CONVERSION = YES;
				CLANG_WARN_OBJC_ROOT_CLASS = YES_ERROR;
				CLANG_WARN__DUPLICATE_METHOD_MATCH = YES;
				"CODE_SIGN_IDENTITY[sdk=iphoneos*]" = "iPhone Developer";
				COPY_PHASE_STRIP = NO;
				GCC_C_LANGUAGE_STANDARD = gnu99;
				GCC_DYNAMIC_NO_PIC = NO;
				GCC_OPTIMIZATION_LEVEL = 0;
				GCC_PREPROCESSOR_DEFINITIONS = (
					"DEBUG=1",
					"$(inherited)",
				);
				GCC_SYMBOLS_PRIVATE_EXTERN = NO;
				GCC_WARN_64_TO_32_BIT_CONVERSION = YES;
				GCC_WARN_ABOUT_RETURN_TYPE = YES_ERROR;
				GCC_WARN_UNDECLARED_SELECTOR = YES;
				GCC_WARN_UNINITIALIZED_AUTOS = YES_AGGRESSIVE;
				GCC_WARN_UNUSED_FUNCTION = YES;
				GCC_WARN_UNUSED_VARIABLE = YES;
				IPHONEOS_DEPLOYMENT_TARGET = 7.1;
				ONLY_ACTIVE_ARCH = YES;
				SDKROOT = iphoneos;
			};
			name = Debug;
		};
		6A070DD619289F7F001C6659 /* Release */ = {
			isa = XCBuildConfiguration;
			buildSettings = {
				ALWAYS_SEARCH_USER_PATHS = NO;
				CLANG_CXX_LANGUAGE_STANDARD = "gnu++0x";
				CLANG_CXX_LIBRARY = "libc++";
				CLANG_ENABLE_MODULES = YES;
				CLANG_ENABLE_OBJC_ARC = YES;
				CLANG_WARN_BOOL_CONVERSION = YES;
				CLANG_WARN_CONSTANT_CONVERSION = YES;
				CLANG_WARN_DIRECT_OBJC_ISA_USAGE = YES_ERROR;
				CLANG_WARN_EMPTY_BODY = YES;
				CLANG_WARN_ENUM_CONVERSION = YES;
				CLANG_WARN_INT_CONVERSION = YES;
				CLANG_WARN_OBJC_ROOT_CLASS = YES_ERROR;
				CLANG_WARN__DUPLICATE_METHOD_MATCH = YES;
				"CODE_SIGN_IDENTITY[sdk=iphoneos*]" = "iPhone Developer";
				COPY_PHASE_STRIP = YES;
				ENABLE_NS_ASSERTIONS = NO;
				GCC_C_LANGUAGE_STANDARD = gnu99;
				GCC_WARN_64_TO_32_BIT_CONVERSION = YES;
				GCC_WARN_ABOUT_RETURN_TYPE = YES_ERROR;
				GCC_WARN_UNDECLARED_SELECTOR = YES;
				GCC_WARN_UNINITIALIZED_AUTOS = YES_AGGRESSIVE;
				GCC_WARN_UNUSED_FUNCTION = YES;
				GCC_WARN_UNUSED_VARIABLE = YES;
				IPHONEOS_DEPLOYMENT_TARGET = 7.1;
				SDKROOT = iphoneos;
				VALIDATE_PRODUCT = YES;
			};
			name = Release;
		};
		6A070DD819289F7F001C6659 /* Debug */ = {
			isa = XCBuildConfiguration;
			buildSettings = {
				ASSETCATALOG_COMPILER_APPICON_NAME = AppIcon;
				ASSETCATALOG_COMPILER_LAUNCHIMAGE_NAME = LaunchImage;
				FRAMEWORK_SEARCH_PATHS = (
					"$(inherited)",
					"/Users/e125705/Desktop/GoogleMaps-iOS-1.8.1",
					"/Users/nagakuratakahiro/Downloads/GoogleMaps-iOS-1.8.1",
					"$(LOCAL_LIBRARY_DIR)/Frameworks",
				);
				GCC_PRECOMPILE_PREFIX_HEADER = YES;
				GCC_PREFIX_HEADER = "PowerSpot/PowerSpot-Prefix.pch";
				INFOPLIST_FILE = "PowerSpot/PowerSpot-Info.plist";
				PRODUCT_NAME = "$(TARGET_NAME)";
				WRAPPER_EXTENSION = app;
			};
			name = Debug;
		};
		6A070DD919289F7F001C6659 /* Release */ = {
			isa = XCBuildConfiguration;
			buildSettings = {
				ASSETCATALOG_COMPILER_APPICON_NAME = AppIcon;
				ASSETCATALOG_COMPILER_LAUNCHIMAGE_NAME = LaunchImage;
				FRAMEWORK_SEARCH_PATHS = (
					"$(inherited)",
					"/Users/e125705/Desktop/GoogleMaps-iOS-1.8.1",
					"/Users/nagakuratakahiro/Downloads/GoogleMaps-iOS-1.8.1",
					/Applications/Xcode.app/Contents/Developer/Platforms/iPhoneOS.platform/Developer/SDKs/iPhoneOS7.1.sdk/System/Library/Frameworks,
					"$(LOCAL_LIBRARY_DIR)/Frameworks",
				);
				GCC_PRECOMPILE_PREFIX_HEADER = YES;
				GCC_PREFIX_HEADER = "PowerSpot/PowerSpot-Prefix.pch";
				INFOPLIST_FILE = "PowerSpot/PowerSpot-Info.plist";
				PRODUCT_NAME = "$(TARGET_NAME)";
				WRAPPER_EXTENSION = app;
			};
			name = Release;
		};
		6A070DDB19289F7F001C6659 /* Debug */ = {
			isa = XCBuildConfiguration;
			buildSettings = {
				BUNDLE_LOADER = "$(BUILT_PRODUCTS_DIR)/PowerSpot.app/PowerSpot";
				FRAMEWORK_SEARCH_PATHS = (
					"$(SDKROOT)/Developer/Library/Frameworks",
					"$(inherited)",
					"$(DEVELOPER_FRAMEWORKS_DIR)",
				);
				GCC_PRECOMPILE_PREFIX_HEADER = YES;
				GCC_PREFIX_HEADER = "PowerSpot/PowerSpot-Prefix.pch";
				GCC_PREPROCESSOR_DEFINITIONS = (
					"DEBUG=1",
					"$(inherited)",
				);
				INFOPLIST_FILE = "PowerSpotTests/PowerSpotTests-Info.plist";
				PRODUCT_NAME = "$(TARGET_NAME)";
				TEST_HOST = "$(BUNDLE_LOADER)";
				WRAPPER_EXTENSION = xctest;
			};
			name = Debug;
		};
		6A070DDC19289F7F001C6659 /* Release */ = {
			isa = XCBuildConfiguration;
			buildSettings = {
				BUNDLE_LOADER = "$(BUILT_PRODUCTS_DIR)/PowerSpot.app/PowerSpot";
				FRAMEWORK_SEARCH_PATHS = (
					"$(SDKROOT)/Developer/Library/Frameworks",
					"$(inherited)",
					"$(DEVELOPER_FRAMEWORKS_DIR)",
				);
				GCC_PRECOMPILE_PREFIX_HEADER = YES;
				GCC_PREFIX_HEADER = "PowerSpot/PowerSpot-Prefix.pch";
				INFOPLIST_FILE = "PowerSpotTests/PowerSpotTests-Info.plist";
				PRODUCT_NAME = "$(TARGET_NAME)";
				TEST_HOST = "$(BUNDLE_LOADER)";
				WRAPPER_EXTENSION = xctest;
			};
			name = Release;
		};
/* End XCBuildConfiguration section */

/* Begin XCConfigurationList section */
		6A070DA019289F7F001C6659 /* Build configuration list for PBXProject "PowerSpot" */ = {
			isa = XCConfigurationList;
			buildConfigurations = (
				6A070DD519289F7F001C6659 /* Debug */,
				6A070DD619289F7F001C6659 /* Release */,
			);
			defaultConfigurationIsVisible = 0;
			defaultConfigurationName = Release;
		};
		6A070DD719289F7F001C6659 /* Build configuration list for PBXNativeTarget "PowerSpot" */ = {
			isa = XCConfigurationList;
			buildConfigurations = (
				6A070DD819289F7F001C6659 /* Debug */,
				6A070DD919289F7F001C6659 /* Release */,
			);
			defaultConfigurationIsVisible = 0;
			defaultConfigurationName = Release;
		};
		6A070DDA19289F7F001C6659 /* Build configuration list for PBXNativeTarget "PowerSpotTests" */ = {
			isa = XCConfigurationList;
			buildConfigurations = (
				6A070DDB19289F7F001C6659 /* Debug */,
				6A070DDC19289F7F001C6659 /* Release */,
			);
			defaultConfigurationIsVisible = 0;
			defaultConfigurationName = Release;
		};
/* End XCConfigurationList section */

/* Begin XCVersionGroup section */
		6A070DDD1928A573001C6659 /* MapDB.xcdatamodeld */ = {
			isa = XCVersionGroup;
			children = (
				6A070DDE1928A573001C6659 /* MapDB.xcdatamodel */,
			);
			currentVersion = 6A070DDE1928A573001C6659 /* MapDB.xcdatamodel */;
			path = MapDB.xcdatamodeld;
			sourceTree = "<group>";
			versionGroupType = wrapper.xcdatamodel;
		};
/* End XCVersionGroup section */
	};
	rootObject = 6A070D9D19289F7F001C6659 /* Project object */;
}
