// !$*UTF8*$!
{
	archiveVersion = 1;
	classes = {
	};
	objectVersion = 46;
	objects = {

/* Begin PBXBuildFile section */
		692CFF661939C5CF0027E6B3 /* IdEntity.m in Sources */ = {isa = PBXBuildFile; fileRef = 692CFF651939C5CF0027E6B3 /* IdEntity.m */; };
		692CFF691939C68A0027E6B3 /* LoginViewController.m in Sources */ = {isa = PBXBuildFile; fileRef = 692CFF681939C68A0027E6B3 /* LoginViewController.m */; };
		6A16911B19362C2600DDC0E5 /* MapKit.framework in Frameworks */ = {isa = PBXBuildFile; fileRef = 6A16911A19362C2600DDC0E5 /* MapKit.framework */; };
		6A16911E19362C7700DDC0E5 /* MapViewController.m in Sources */ = {isa = PBXBuildFile; fileRef = 6A16911D19362C7700DDC0E5 /* MapViewController.m */; };
		6A1C9B821933575B00449F12 /* CoreLocation.framework in Frameworks */ = {isa = PBXBuildFile; fileRef = 6A1C9B811933575B00449F12 /* CoreLocation.framework */; };
		6A62BA0919348879003A4631 /* MapData.xcdatamodeld in Sources */ = {isa = PBXBuildFile; fileRef = 6A62BA0719348879003A4631 /* MapData.xcdatamodeld */; };
		6A62BA0E193493ED003A4631 /* CoreData.framework in Frameworks */ = {isa = PBXBuildFile; fileRef = 6A62BA0D193493ED003A4631 /* CoreData.framework */; };
		6A62BA111934999B003A4631 /* MapDataEntity.m in Sources */ = {isa = PBXBuildFile; fileRef = 6A62BA101934999B003A4631 /* MapDataEntity.m */; };
		6A8902181939C5BA00C34D03 /* PickerViewController.m in Sources */ = {isa = PBXBuildFile; fileRef = 6A8902171939C5BA00C34D03 /* PickerViewController.m */; };
		6AF52A211931ED1C001932F0 /* Foundation.framework in Frameworks */ = {isa = PBXBuildFile; fileRef = 6AF52A201931ED1C001932F0 /* Foundation.framework */; };
		6AF52A231931ED1C001932F0 /* CoreGraphics.framework in Frameworks */ = {isa = PBXBuildFile; fileRef = 6AF52A221931ED1C001932F0 /* CoreGraphics.framework */; };
		6AF52A251931ED1C001932F0 /* UIKit.framework in Frameworks */ = {isa = PBXBuildFile; fileRef = 6AF52A241931ED1C001932F0 /* UIKit.framework */; };
		6AF52A2B1931ED1C001932F0 /* InfoPlist.strings in Resources */ = {isa = PBXBuildFile; fileRef = 6AF52A291931ED1C001932F0 /* InfoPlist.strings */; };
		6AF52A2D1931ED1C001932F0 /* main.m in Sources */ = {isa = PBXBuildFile; fileRef = 6AF52A2C1931ED1C001932F0 /* main.m */; };
		6AF52A311931ED1C001932F0 /* AppDelegate.m in Sources */ = {isa = PBXBuildFile; fileRef = 6AF52A301931ED1C001932F0 /* AppDelegate.m */; };
		6AF52A341931ED1C001932F0 /* Main.storyboard in Resources */ = {isa = PBXBuildFile; fileRef = 6AF52A321931ED1C001932F0 /* Main.storyboard */; };
		6AF52A391931ED1C001932F0 /* Images.xcassets in Resources */ = {isa = PBXBuildFile; fileRef = 6AF52A381931ED1C001932F0 /* Images.xcassets */; };
		6AF52A401931ED1D001932F0 /* XCTest.framework in Frameworks */ = {isa = PBXBuildFile; fileRef = 6AF52A3F1931ED1D001932F0 /* XCTest.framework */; };
		6AF52A411931ED1D001932F0 /* Foundation.framework in Frameworks */ = {isa = PBXBuildFile; fileRef = 6AF52A201931ED1C001932F0 /* Foundation.framework */; };
		6AF52A421931ED1D001932F0 /* UIKit.framework in Frameworks */ = {isa = PBXBuildFile; fileRef = 6AF52A241931ED1C001932F0 /* UIKit.framework */; };
		6AF52A4A1931ED1D001932F0 /* InfoPlist.strings in Resources */ = {isa = PBXBuildFile; fileRef = 6AF52A481931ED1D001932F0 /* InfoPlist.strings */; };
		6AF52A4C1931ED1D001932F0 /* PowerArea_2Tests.m in Sources */ = {isa = PBXBuildFile; fileRef = 6AF52A4B1931ED1D001932F0 /* PowerArea_2Tests.m */; };
		6AF52A571931F032001932F0 /* TitleViewController.m in Sources */ = {isa = PBXBuildFile; fileRef = 6AF52A561931F032001932F0 /* TitleViewController.m */; };
		6AF52A5A1931F262001932F0 /* MainViewController.m in Sources */ = {isa = PBXBuildFile; fileRef = 6AF52A591931F262001932F0 /* MainViewController.m */; };
/* End PBXBuildFile section */

/* Begin PBXContainerItemProxy section */
		6AF52A431931ED1D001932F0 /* PBXContainerItemProxy */ = {
			isa = PBXContainerItemProxy;
			containerPortal = 6AF52A151931ED1C001932F0 /* Project object */;
			proxyType = 1;
			remoteGlobalIDString = 6AF52A1C1931ED1C001932F0;
			remoteInfo = PowerArea_2;
		};
/* End PBXContainerItemProxy section */

/* Begin PBXFileReference section */
		692CFF641939C5CF0027E6B3 /* IdEntity.h */ = {isa = PBXFileReference; fileEncoding = 4; lastKnownFileType = sourcecode.c.h; path = IdEntity.h; sourceTree = "<group>"; };
		692CFF651939C5CF0027E6B3 /* IdEntity.m */ = {isa = PBXFileReference; fileEncoding = 4; lastKnownFileType = sourcecode.c.objc; path = IdEntity.m; sourceTree = "<group>"; };
		692CFF671939C68A0027E6B3 /* LoginViewController.h */ = {isa = PBXFileReference; fileEncoding = 4; lastKnownFileType = sourcecode.c.h; path = LoginViewController.h; sourceTree = "<group>"; };
		692CFF681939C68A0027E6B3 /* LoginViewController.m */ = {isa = PBXFileReference; fileEncoding = 4; lastKnownFileType = sourcecode.c.objc; path = LoginViewController.m; sourceTree = "<group>"; };
		6A16911A19362C2600DDC0E5 /* MapKit.framework */ = {isa = PBXFileReference; lastKnownFileType = wrapper.framework; name = MapKit.framework; path = System/Library/Frameworks/MapKit.framework; sourceTree = SDKROOT; };
		6A16911C19362C7700DDC0E5 /* MapViewController.h */ = {isa = PBXFileReference; fileEncoding = 4; lastKnownFileType = sourcecode.c.h; path = MapViewController.h; sourceTree = "<group>"; };
		6A16911D19362C7700DDC0E5 /* MapViewController.m */ = {isa = PBXFileReference; fileEncoding = 4; lastKnownFileType = sourcecode.c.objc; path = MapViewController.m; sourceTree = "<group>"; };
		6A1C9B811933575B00449F12 /* CoreLocation.framework */ = {isa = PBXFileReference; lastKnownFileType = wrapper.framework; name = CoreLocation.framework; path = System/Library/Frameworks/CoreLocation.framework; sourceTree = SDKROOT; };
		6A62BA0819348879003A4631 /* MapData.xcdatamodel */ = {isa = PBXFileReference; lastKnownFileType = wrapper.xcdatamodel; path = MapData.xcdatamodel; sourceTree = "<group>"; };
		6A62BA0D193493ED003A4631 /* CoreData.framework */ = {isa = PBXFileReference; lastKnownFileType = wrapper.framework; name = CoreData.framework; path = System/Library/Frameworks/CoreData.framework; sourceTree = SDKROOT; };
		6A62BA0F1934999B003A4631 /* MapDataEntity.h */ = {isa = PBXFileReference; fileEncoding = 4; lastKnownFileType = sourcecode.c.h; path = MapDataEntity.h; sourceTree = "<group>"; };
		6A62BA101934999B003A4631 /* MapDataEntity.m */ = {isa = PBXFileReference; fileEncoding = 4; lastKnownFileType = sourcecode.c.objc; path = MapDataEntity.m; sourceTree = "<group>"; };
		6A8902161939C5BA00C34D03 /* PickerViewController.h */ = {isa = PBXFileReference; fileEncoding = 4; lastKnownFileType = sourcecode.c.h; path = PickerViewController.h; sourceTree = "<group>"; };
		6A8902171939C5BA00C34D03 /* PickerViewController.m */ = {isa = PBXFileReference; fileEncoding = 4; lastKnownFileType = sourcecode.c.objc; path = PickerViewController.m; sourceTree = "<group>"; };
		6AF52A1D1931ED1C001932F0 /* PowerArea_2.app */ = {isa = PBXFileReference; explicitFileType = wrapper.application; includeInIndex = 0; path = PowerArea_2.app; sourceTree = BUILT_PRODUCTS_DIR; };
		6AF52A201931ED1C001932F0 /* Foundation.framework */ = {isa = PBXFileReference; lastKnownFileType = wrapper.framework; name = Foundation.framework; path = System/Library/Frameworks/Foundation.framework; sourceTree = SDKROOT; };
		6AF52A221931ED1C001932F0 /* CoreGraphics.framework */ = {isa = PBXFileReference; lastKnownFileType = wrapper.framework; name = CoreGraphics.framework; path = System/Library/Frameworks/CoreGraphics.framework; sourceTree = SDKROOT; };
		6AF52A241931ED1C001932F0 /* UIKit.framework */ = {isa = PBXFileReference; lastKnownFileType = wrapper.framework; name = UIKit.framework; path = System/Library/Frameworks/UIKit.framework; sourceTree = SDKROOT; };
		6AF52A281931ED1C001932F0 /* PowerArea_2-Info.plist */ = {isa = PBXFileReference; lastKnownFileType = text.plist.xml; path = "PowerArea_2-Info.plist"; sourceTree = "<group>"; };
		6AF52A2A1931ED1C001932F0 /* en */ = {isa = PBXFileReference; lastKnownFileType = text.plist.strings; name = en; path = en.lproj/InfoPlist.strings; sourceTree = "<group>"; };
		6AF52A2C1931ED1C001932F0 /* main.m */ = {isa = PBXFileReference; lastKnownFileType = sourcecode.c.objc; path = main.m; sourceTree = "<group>"; };
		6AF52A2E1931ED1C001932F0 /* PowerArea_2-Prefix.pch */ = {isa = PBXFileReference; lastKnownFileType = sourcecode.c.h; path = "PowerArea_2-Prefix.pch"; sourceTree = "<group>"; };
		6AF52A2F1931ED1C001932F0 /* AppDelegate.h */ = {isa = PBXFileReference; lastKnownFileType = sourcecode.c.h; path = AppDelegate.h; sourceTree = "<group>"; };
		6AF52A301931ED1C001932F0 /* AppDelegate.m */ = {isa = PBXFileReference; lastKnownFileType = sourcecode.c.objc; path = AppDelegate.m; sourceTree = "<group>"; };
		6AF52A331931ED1C001932F0 /* Base */ = {isa = PBXFileReference; lastKnownFileType = file.storyboard; name = Base; path = Base.lproj/Main.storyboard; sourceTree = "<group>"; };
		6AF52A381931ED1C001932F0 /* Images.xcassets */ = {isa = PBXFileReference; lastKnownFileType = folder.assetcatalog; path = Images.xcassets; sourceTree = "<group>"; };
		6AF52A3E1931ED1D001932F0 /* PowerArea_2Tests.xctest */ = {isa = PBXFileReference; explicitFileType = wrapper.cfbundle; includeInIndex = 0; path = PowerArea_2Tests.xctest; sourceTree = BUILT_PRODUCTS_DIR; };
		6AF52A3F1931ED1D001932F0 /* XCTest.framework */ = {isa = PBXFileReference; lastKnownFileType = wrapper.framework; name = XCTest.framework; path = Library/Frameworks/XCTest.framework; sourceTree = DEVELOPER_DIR; };
		6AF52A471931ED1D001932F0 /* PowerArea_2Tests-Info.plist */ = {isa = PBXFileReference; lastKnownFileType = text.plist.xml; path = "PowerArea_2Tests-Info.plist"; sourceTree = "<group>"; };
		6AF52A491931ED1D001932F0 /* en */ = {isa = PBXFileReference; lastKnownFileType = text.plist.strings; name = en; path = en.lproj/InfoPlist.strings; sourceTree = "<group>"; };
		6AF52A4B1931ED1D001932F0 /* PowerArea_2Tests.m */ = {isa = PBXFileReference; lastKnownFileType = sourcecode.c.objc; path = PowerArea_2Tests.m; sourceTree = "<group>"; };
		6AF52A551931F032001932F0 /* TitleViewController.h */ = {isa = PBXFileReference; fileEncoding = 4; lastKnownFileType = sourcecode.c.h; path = TitleViewController.h; sourceTree = "<group>"; };
		6AF52A561931F032001932F0 /* TitleViewController.m */ = {isa = PBXFileReference; fileEncoding = 4; lastKnownFileType = sourcecode.c.objc; path = TitleViewController.m; sourceTree = "<group>"; };
		6AF52A581931F262001932F0 /* MainViewController.h */ = {isa = PBXFileReference; fileEncoding = 4; lastKnownFileType = sourcecode.c.h; path = MainViewController.h; sourceTree = "<group>"; };
		6AF52A591931F262001932F0 /* MainViewController.m */ = {isa = PBXFileReference; fileEncoding = 4; lastKnownFileType = sourcecode.c.objc; path = MainViewController.m; sourceTree = "<group>"; };
/* End PBXFileReference section */

/* Begin PBXFrameworksBuildPhase section */
		6AF52A1A1931ED1C001932F0 /* Frameworks */ = {
			isa = PBXFrameworksBuildPhase;
			buildActionMask = 2147483647;
			files = (
				6A16911B19362C2600DDC0E5 /* MapKit.framework in Frameworks */,
				6A62BA0E193493ED003A4631 /* CoreData.framework in Frameworks */,
				6A1C9B821933575B00449F12 /* CoreLocation.framework in Frameworks */,
				6AF52A231931ED1C001932F0 /* CoreGraphics.framework in Frameworks */,
				6AF52A251931ED1C001932F0 /* UIKit.framework in Frameworks */,
				6AF52A211931ED1C001932F0 /* Foundation.framework in Frameworks */,
			);
			runOnlyForDeploymentPostprocessing = 0;
		};
		6AF52A3B1931ED1D001932F0 /* Frameworks */ = {
			isa = PBXFrameworksBuildPhase;
			buildActionMask = 2147483647;
			files = (
				6AF52A401931ED1D001932F0 /* XCTest.framework in Frameworks */,
				6AF52A421931ED1D001932F0 /* UIKit.framework in Frameworks */,
				6AF52A411931ED1D001932F0 /* Foundation.framework in Frameworks */,
			);
			runOnlyForDeploymentPostprocessing = 0;
		};
/* End PBXFrameworksBuildPhase section */

/* Begin PBXGroup section */
		6AF52A141931ED1C001932F0 = {
			isa = PBXGroup;
			children = (
				6AF52A261931ED1C001932F0 /* PowerArea_2 */,
				6AF52A451931ED1D001932F0 /* PowerArea_2Tests */,
				6AF52A1F1931ED1C001932F0 /* Frameworks */,
				6AF52A1E1931ED1C001932F0 /* Products */,
			);
			sourceTree = "<group>";
		};
		6AF52A1E1931ED1C001932F0 /* Products */ = {
			isa = PBXGroup;
			children = (
				6AF52A1D1931ED1C001932F0 /* PowerArea_2.app */,
				6AF52A3E1931ED1D001932F0 /* PowerArea_2Tests.xctest */,
			);
			name = Products;
			sourceTree = "<group>";
		};
		6AF52A1F1931ED1C001932F0 /* Frameworks */ = {
			isa = PBXGroup;
			children = (
				6A16911A19362C2600DDC0E5 /* MapKit.framework */,
				6A62BA0D193493ED003A4631 /* CoreData.framework */,
				6A1C9B811933575B00449F12 /* CoreLocation.framework */,
				6AF52A201931ED1C001932F0 /* Foundation.framework */,
				6AF52A221931ED1C001932F0 /* CoreGraphics.framework */,
				6AF52A241931ED1C001932F0 /* UIKit.framework */,
				6AF52A3F1931ED1D001932F0 /* XCTest.framework */,
			);
			name = Frameworks;
			sourceTree = "<group>";
		};
		6AF52A261931ED1C001932F0 /* PowerArea_2 */ = {
			isa = PBXGroup;
			children = (
				6AF52A2F1931ED1C001932F0 /* AppDelegate.h */,
				6AF52A301931ED1C001932F0 /* AppDelegate.m */,
				6AF52A321931ED1C001932F0 /* Main.storyboard */,
				6AF52A551931F032001932F0 /* TitleViewController.h */,
				6AF52A561931F032001932F0 /* TitleViewController.m */,
				6AF52A581931F262001932F0 /* MainViewController.h */,
				6AF52A591931F262001932F0 /* MainViewController.m */,
				6A8902161939C5BA00C34D03 /* PickerViewController.h */,
				6A8902171939C5BA00C34D03 /* PickerViewController.m */,
				6A16911C19362C7700DDC0E5 /* MapViewController.h */,
				6A16911D19362C7700DDC0E5 /* MapViewController.m */,
				692CFF671939C68A0027E6B3 /* LoginViewController.h */,
				692CFF681939C68A0027E6B3 /* LoginViewController.m */,
				6A62BA0719348879003A4631 /* MapData.xcdatamodeld */,
				692CFF641939C5CF0027E6B3 /* IdEntity.h */,
				692CFF651939C5CF0027E6B3 /* IdEntity.m */,
				6A62BA0F1934999B003A4631 /* MapDataEntity.h */,
				6A62BA101934999B003A4631 /* MapDataEntity.m */,
				6AF52A381931ED1C001932F0 /* Images.xcassets */,
				6AF52A271931ED1C001932F0 /* Supporting Files */,
			);
			path = PowerArea_2;
			sourceTree = "<group>";
		};
		6AF52A271931ED1C001932F0 /* Supporting Files */ = {
			isa = PBXGroup;
			children = (
				6AF52A281931ED1C001932F0 /* PowerArea_2-Info.plist */,
				6AF52A291931ED1C001932F0 /* InfoPlist.strings */,
				6AF52A2C1931ED1C001932F0 /* main.m */,
				6AF52A2E1931ED1C001932F0 /* PowerArea_2-Prefix.pch */,
			);
			name = "Supporting Files";
			sourceTree = "<group>";
		};
		6AF52A451931ED1D001932F0 /* PowerArea_2Tests */ = {
			isa = PBXGroup;
			children = (
				6AF52A4B1931ED1D001932F0 /* PowerArea_2Tests.m */,
				6AF52A461931ED1D001932F0 /* Supporting Files */,
			);
			path = PowerArea_2Tests;
			sourceTree = "<group>";
		};
		6AF52A461931ED1D001932F0 /* Supporting Files */ = {
			isa = PBXGroup;
			children = (
				6AF52A471931ED1D001932F0 /* PowerArea_2Tests-Info.plist */,
				6AF52A481931ED1D001932F0 /* InfoPlist.strings */,
			);
			name = "Supporting Files";
			sourceTree = "<group>";
		};
/* End PBXGroup section */

/* Begin PBXNativeTarget section */
		6AF52A1C1931ED1C001932F0 /* PowerArea_2 */ = {
			isa = PBXNativeTarget;
			buildConfigurationList = 6AF52A4F1931ED1D001932F0 /* Build configuration list for PBXNativeTarget "PowerArea_2" */;
			buildPhases = (
				6AF52A191931ED1C001932F0 /* Sources */,
				6AF52A1A1931ED1C001932F0 /* Frameworks */,
				6AF52A1B1931ED1C001932F0 /* Resources */,
			);
			buildRules = (
			);
			dependencies = (
			);
			name = PowerArea_2;
			productName = PowerArea_2;
			productReference = 6AF52A1D1931ED1C001932F0 /* PowerArea_2.app */;
			productType = "com.apple.product-type.application";
		};
		6AF52A3D1931ED1D001932F0 /* PowerArea_2Tests */ = {
			isa = PBXNativeTarget;
			buildConfigurationList = 6AF52A521931ED1D001932F0 /* Build configuration list for PBXNativeTarget "PowerArea_2Tests" */;
			buildPhases = (
				6AF52A3A1931ED1D001932F0 /* Sources */,
				6AF52A3B1931ED1D001932F0 /* Frameworks */,
				6AF52A3C1931ED1D001932F0 /* Resources */,
			);
			buildRules = (
			);
			dependencies = (
				6AF52A441931ED1D001932F0 /* PBXTargetDependency */,
			);
			name = PowerArea_2Tests;
			productName = PowerArea_2Tests;
			productReference = 6AF52A3E1931ED1D001932F0 /* PowerArea_2Tests.xctest */;
			productType = "com.apple.product-type.bundle.unit-test";
		};
/* End PBXNativeTarget section */

/* Begin PBXProject section */
		6AF52A151931ED1C001932F0 /* Project object */ = {
			isa = PBXProject;
			attributes = {
				LastUpgradeCheck = 0510;
				ORGANIZATIONNAME = e125719;
				TargetAttributes = {
					6AF52A1C1931ED1C001932F0 = {
						DevelopmentTeam = S3UNBN5SS6;
					};
					6AF52A3D1931ED1D001932F0 = {
						TestTargetID = 6AF52A1C1931ED1C001932F0;
					};
				};
			};
			buildConfigurationList = 6AF52A181931ED1C001932F0 /* Build configuration list for PBXProject "PowerArea_2" */;
			compatibilityVersion = "Xcode 3.2";
			developmentRegion = English;
			hasScannedForEncodings = 0;
			knownRegions = (
				en,
				Base,
			);
			mainGroup = 6AF52A141931ED1C001932F0;
			productRefGroup = 6AF52A1E1931ED1C001932F0 /* Products */;
			projectDirPath = "";
			projectRoot = "";
			targets = (
				6AF52A1C1931ED1C001932F0 /* PowerArea_2 */,
				6AF52A3D1931ED1D001932F0 /* PowerArea_2Tests */,
			);
		};
/* End PBXProject section */

/* Begin PBXResourcesBuildPhase section */
		6AF52A1B1931ED1C001932F0 /* Resources */ = {
			isa = PBXResourcesBuildPhase;
			buildActionMask = 2147483647;
			files = (
				6AF52A391931ED1C001932F0 /* Images.xcassets in Resources */,
				6AF52A2B1931ED1C001932F0 /* InfoPlist.strings in Resources */,
				6AF52A341931ED1C001932F0 /* Main.storyboard in Resources */,
			);
			runOnlyForDeploymentPostprocessing = 0;
		};
		6AF52A3C1931ED1D001932F0 /* Resources */ = {
			isa = PBXResourcesBuildPhase;
			buildActionMask = 2147483647;
			files = (
				6AF52A4A1931ED1D001932F0 /* InfoPlist.strings in Resources */,
			);
			runOnlyForDeploymentPostprocessing = 0;
		};
/* End PBXResourcesBuildPhase section */

/* Begin PBXSourcesBuildPhase section */
		6AF52A191931ED1C001932F0 /* Sources */ = {
			isa = PBXSourcesBuildPhase;
			buildActionMask = 2147483647;
			files = (
				6A62BA111934999B003A4631 /* MapDataEntity.m in Sources */,
				6AF52A311931ED1C001932F0 /* AppDelegate.m in Sources */,
				6A62BA0919348879003A4631 /* MapData.xcdatamodeld in Sources */,
				6A16911E19362C7700DDC0E5 /* MapViewController.m in Sources */,
				6AF52A571931F032001932F0 /* TitleViewController.m in Sources */,
				692CFF691939C68A0027E6B3 /* LoginViewController.m in Sources */,
				6AF52A2D1931ED1C001932F0 /* main.m in Sources */,
				6A8902181939C5BA00C34D03 /* PickerViewController.m in Sources */,
				6AF52A5A1931F262001932F0 /* MainViewController.m in Sources */,
				692CFF661939C5CF0027E6B3 /* IdEntity.m in Sources */,
			);
			runOnlyForDeploymentPostprocessing = 0;
		};
		6AF52A3A1931ED1D001932F0 /* Sources */ = {
			isa = PBXSourcesBuildPhase;
			buildActionMask = 2147483647;
			files = (
				6AF52A4C1931ED1D001932F0 /* PowerArea_2Tests.m in Sources */,
			);
			runOnlyForDeploymentPostprocessing = 0;
		};
/* End PBXSourcesBuildPhase section */

/* Begin PBXTargetDependency section */
		6AF52A441931ED1D001932F0 /* PBXTargetDependency */ = {
			isa = PBXTargetDependency;
			target = 6AF52A1C1931ED1C001932F0 /* PowerArea_2 */;
			targetProxy = 6AF52A431931ED1D001932F0 /* PBXContainerItemProxy */;
		};
/* End PBXTargetDependency section */

/* Begin PBXVariantGroup section */
		6AF52A291931ED1C001932F0 /* InfoPlist.strings */ = {
			isa = PBXVariantGroup;
			children = (
				6AF52A2A1931ED1C001932F0 /* en */,
			);
			name = InfoPlist.strings;
			sourceTree = "<group>";
		};
		6AF52A321931ED1C001932F0 /* Main.storyboard */ = {
			isa = PBXVariantGroup;
			children = (
				6AF52A331931ED1C001932F0 /* Base */,
			);
			name = Main.storyboard;
			sourceTree = "<group>";
		};
		6AF52A481931ED1D001932F0 /* InfoPlist.strings */ = {
			isa = PBXVariantGroup;
			children = (
				6AF52A491931ED1D001932F0 /* en */,
			);
			name = InfoPlist.strings;
			sourceTree = "<group>";
		};
/* End PBXVariantGroup section */

/* Begin XCBuildConfiguration section */
		6AF52A4D1931ED1D001932F0 /* Debug */ = {
			isa = XCBuildConfiguration;
			buildSettings = {
				ALWAYS_SEARCH_USER_PATHS = NO;
				CLANG_CXX_LANGUAGE_STANDARD = "gnu++0x";
				CLANG_CXX_LIBRARY = "libc++";
				CLANG_ENABLE_MODULES = YES;
				CLANG_ENABLE_OBJC_ARC = YES;
				CLANG_WARN_BOOL_CONVERSION = YES;
				CLANG_WARN_CONSTANT_CONVERSION = YES;
				CLANG_WARN_DIRECT_OBJC_ISA_USAGE = YES_ERROR;
				CLANG_WARN_EMPTY_BODY = YES;
				CLANG_WARN_ENUM_CONVERSION = YES;
				CLANG_WARN_INT_CONVERSION = YES;
				CLANG_WARN_OBJC_ROOT_CLASS = YES_ERROR;
				CLANG_WARN__DUPLICATE_METHOD_MATCH = YES;
				"CODE_SIGN_IDENTITY[sdk=iphoneos*]" = "iPhone Developer";
				COPY_PHASE_STRIP = NO;
				GCC_C_LANGUAGE_STANDARD = gnu99;
				GCC_DYNAMIC_NO_PIC = NO;
				GCC_OPTIMIZATION_LEVEL = 0;
				GCC_PREPROCESSOR_DEFINITIONS = (
					"DEBUG=1",
					"$(inherited)",
				);
				GCC_SYMBOLS_PRIVATE_EXTERN = NO;
				GCC_WARN_64_TO_32_BIT_CONVERSION = YES;
				GCC_WARN_ABOUT_RETURN_TYPE = YES_ERROR;
				GCC_WARN_UNDECLARED_SELECTOR = YES;
				GCC_WARN_UNINITIALIZED_AUTOS = YES_AGGRESSIVE;
				GCC_WARN_UNUSED_FUNCTION = YES;
				GCC_WARN_UNUSED_VARIABLE = YES;
				IPHONEOS_DEPLOYMENT_TARGET = 7.1;
				ONLY_ACTIVE_ARCH = YES;
				SDKROOT = iphoneos;
			};
			name = Debug;
		};
		6AF52A4E1931ED1D001932F0 /* Release */ = {
			isa = XCBuildConfiguration;
			buildSettings = {
				ALWAYS_SEARCH_USER_PATHS = NO;
				CLANG_CXX_LANGUAGE_STANDARD = "gnu++0x";
				CLANG_CXX_LIBRARY = "libc++";
				CLANG_ENABLE_MODULES = YES;
				CLANG_ENABLE_OBJC_ARC = YES;
				CLANG_WARN_BOOL_CONVERSION = YES;
				CLANG_WARN_CONSTANT_CONVERSION = YES;
				CLANG_WARN_DIRECT_OBJC_ISA_USAGE = YES_ERROR;
				CLANG_WARN_EMPTY_BODY = YES;
				CLANG_WARN_ENUM_CONVERSION = YES;
				CLANG_WARN_INT_CONVERSION = YES;
				CLANG_WARN_OBJC_ROOT_CLASS = YES_ERROR;
				CLANG_WARN__DUPLICATE_METHOD_MATCH = YES;
				"CODE_SIGN_IDENTITY[sdk=iphoneos*]" = "iPhone Developer";
				COPY_PHASE_STRIP = YES;
				ENABLE_NS_ASSERTIONS = NO;
				GCC_C_LANGUAGE_STANDARD = gnu99;
				GCC_WARN_64_TO_32_BIT_CONVERSION = YES;
				GCC_WARN_ABOUT_RETURN_TYPE = YES_ERROR;
				GCC_WARN_UNDECLARED_SELECTOR = YES;
				GCC_WARN_UNINITIALIZED_AUTOS = YES_AGGRESSIVE;
				GCC_WARN_UNUSED_FUNCTION = YES;
				GCC_WARN_UNUSED_VARIABLE = YES;
				IPHONEOS_DEPLOYMENT_TARGET = 7.1;
				SDKROOT = iphoneos;
				VALIDATE_PRODUCT = YES;
			};
			name = Release;
		};
		6AF52A501931ED1D001932F0 /* Debug */ = {
			isa = XCBuildConfiguration;
			buildSettings = {
				ASSETCATALOG_COMPILER_APPICON_NAME = AppIcon;
				ASSETCATALOG_COMPILER_LAUNCHIMAGE_NAME = LaunchImage;
				CODE_SIGN_IDENTITY = "iPhone Developer";
				"CODE_SIGN_IDENTITY[sdk=iphoneos*]" = "iPhone Developer";
				GCC_PRECOMPILE_PREFIX_HEADER = YES;
				GCC_PREFIX_HEADER = "PowerArea_2/PowerArea_2-Prefix.pch";
				INFOPLIST_FILE = "PowerArea_2/PowerArea_2-Info.plist";
				PRODUCT_NAME = "$(TARGET_NAME)";
				PROVISIONING_PROFILE = "";
				WRAPPER_EXTENSION = app;
			};
			name = Debug;
		};
		6AF52A511931ED1D001932F0 /* Release */ = {
			isa = XCBuildConfiguration;
			buildSettings = {
				ASSETCATALOG_COMPILER_APPICON_NAME = AppIcon;
				ASSETCATALOG_COMPILER_LAUNCHIMAGE_NAME = LaunchImage;
				CODE_SIGN_IDENTITY = "iPhone Developer";
				"CODE_SIGN_IDENTITY[sdk=iphoneos*]" = "iPhone Developer";
				GCC_PRECOMPILE_PREFIX_HEADER = YES;
				GCC_PREFIX_HEADER = "PowerArea_2/PowerArea_2-Prefix.pch";
				INFOPLIST_FILE = "PowerArea_2/PowerArea_2-Info.plist";
				PRODUCT_NAME = "$(TARGET_NAME)";
				PROVISIONING_PROFILE = "";
				WRAPPER_EXTENSION = app;
			};
			name = Release;
		};
		6AF52A531931ED1D001932F0 /* Debug */ = {
			isa = XCBuildConfiguration;
			buildSettings = {
				BUNDLE_LOADER = "$(BUILT_PRODUCTS_DIR)/PowerArea_2.app/PowerArea_2";
				FRAMEWORK_SEARCH_PATHS = (
					"$(SDKROOT)/Developer/Library/Frameworks",
					"$(inherited)",
					"$(DEVELOPER_FRAMEWORKS_DIR)",
				);
				GCC_PRECOMPILE_PREFIX_HEADER = YES;
				GCC_PREFIX_HEADER = "PowerArea_2/PowerArea_2-Prefix.pch";
				GCC_PREPROCESSOR_DEFINITIONS = (
					"DEBUG=1",
					"$(inherited)",
				);
				INFOPLIST_FILE = "PowerArea_2Tests/PowerArea_2Tests-Info.plist";
				PRODUCT_NAME = "$(TARGET_NAME)";
				TEST_HOST = "$(BUNDLE_LOADER)";
				WRAPPER_EXTENSION = xctest;
			};
			name = Debug;
		};
		6AF52A541931ED1D001932F0 /* Release */ = {
			isa = XCBuildConfiguration;
			buildSettings = {
				BUNDLE_LOADER = "$(BUILT_PRODUCTS_DIR)/PowerArea_2.app/PowerArea_2";
				FRAMEWORK_SEARCH_PATHS = (
					"$(SDKROOT)/Developer/Library/Frameworks",
					"$(inherited)",
					"$(DEVELOPER_FRAMEWORKS_DIR)",
				);
				GCC_PRECOMPILE_PREFIX_HEADER = YES;
				GCC_PREFIX_HEADER = "PowerArea_2/PowerArea_2-Prefix.pch";
				INFOPLIST_FILE = "PowerArea_2Tests/PowerArea_2Tests-Info.plist";
				PRODUCT_NAME = "$(TARGET_NAME)";
				TEST_HOST = "$(BUNDLE_LOADER)";
				WRAPPER_EXTENSION = xctest;
			};
			name = Release;
		};
/* End XCBuildConfiguration section */

/* Begin XCConfigurationList section */
		6AF52A181931ED1C001932F0 /* Build configuration list for PBXProject "PowerArea_2" */ = {
			isa = XCConfigurationList;
			buildConfigurations = (
				6AF52A4D1931ED1D001932F0 /* Debug */,
				6AF52A4E1931ED1D001932F0 /* Release */,
			);
			defaultConfigurationIsVisible = 0;
			defaultConfigurationName = Release;
		};
		6AF52A4F1931ED1D001932F0 /* Build configuration list for PBXNativeTarget "PowerArea_2" */ = {
			isa = XCConfigurationList;
			buildConfigurations = (
				6AF52A501931ED1D001932F0 /* Debug */,
				6AF52A511931ED1D001932F0 /* Release */,
			);
			defaultConfigurationIsVisible = 0;
			defaultConfigurationName = Release;
		};
		6AF52A521931ED1D001932F0 /* Build configuration list for PBXNativeTarget "PowerArea_2Tests" */ = {
			isa = XCConfigurationList;
			buildConfigurations = (
				6AF52A531931ED1D001932F0 /* Debug */,
				6AF52A541931ED1D001932F0 /* Release */,
			);
			defaultConfigurationIsVisible = 0;
			defaultConfigurationName = Release;
		};
/* End XCConfigurationList section */

/* Begin XCVersionGroup section */
		6A62BA0719348879003A4631 /* MapData.xcdatamodeld */ = {
			isa = XCVersionGroup;
			children = (
				6A62BA0819348879003A4631 /* MapData.xcdatamodel */,
			);
			currentVersion = 6A62BA0819348879003A4631 /* MapData.xcdatamodel */;
			name = MapData.xcdatamodeld;
			path = ../MapData.xcdatamodeld;
			sourceTree = "<group>";
			versionGroupType = wrapper.xcdatamodel;
		};
/* End XCVersionGroup section */
	};
	rootObject = 6AF52A151931ED1C001932F0 /* Project object */;
}
